
Microsoft Visual Studio Solution File, Format Version 12.00
# Visual Studio 14
VisualStudioVersion = 14.0.25420.1
MinimumVisualStudioVersion = 10.0.40219.1
Project("{8BC9CEB8-8B4A-11D0-8D11-00A0C91BC942}") = "ass1", "ass1\ass1.vcxproj", "{81BBFADC-18AB-442B-9D5C-FC60F3154BF5}"
EndProject
Global
	GlobalSection(SolutionConfigurationPlatforms) = preSolution
		Debug|x64 = Debug|x64
		Debug|x86 = Debug|x86
		Release|x64 = Release|x64
		Release|x86 = Release|x86
	EndGlobalSection
	GlobalSection(ProjectConfigurationPlatforms) = postSolution
		{81BBFADC-18AB-442B-9D5C-FC60F3154BF5}.Debug|x64.ActiveCfg = Debug|x64
		{81BBFADC-18AB-442B-9D5C-FC60F3154BF5}.Debug|x64.Build.0 = Debug|x64
		{81BBFADC-18AB-442B-9D5C-FC60F3154BF5}.Debug|x86.ActiveCfg = Debug|Win32
		{81BBFADC-18AB-442B-9D5C-FC60F3154BF5}.Debug|x86.Build.0 = Debug|Win32
		{81BBFADC-18AB-442B-9D5C-FC60F3154BF5}.Release|x64.ActiveCfg = Release|x64
		{81BBFADC-18AB-442B-9D5C-FC60F3154BF5}.Release|x64.Build.0 = Release|x64
		{81BBFADC-18AB-442B-9D5C-FC60F3154BF5}.Release|x86.ActiveCfg = Release|Win32
		{81BBFADC-18AB-442B-9D5C-FC60F3154BF5}.Release|x86.Build.0 = Release|Win32
	EndGlobalSection
	GlobalSection(SolutionProperties) = preSolution
		HideSolutionNode = FALSE
	EndGlobalSection
EndGlobal
